
Microsoft Visual Studio Solution File, Format Version 12.00
# Visual Studio Version 16
VisualStudioVersion = 16.0.30114.105
MinimumVisualStudioVersion = 10.0.40219.1
Project("{FAE04EC0-301F-11D3-BF4B-00C04F79EFBC}") = "Promotion_engine", "Promotion_engine\Promotion_engine.csproj", "{1D11AC06-54FB-4875-BB4F-88ED2A089CD7}"
EndProject
Project("{FAE04EC0-301F-11D3-BF4B-00C04F79EFBC}") = "Promotion_engine_unitTest", "Promotion_engine_unitTest\Promotion_engine_unitTest.csproj", "{915BBE9B-F198-485B-8934-86877826B131}"
EndProject
Global
	GlobalSection(SolutionConfigurationPlatforms) = preSolution
		Debug|Any CPU = Debug|Any CPU
		Release|Any CPU = Release|Any CPU
	EndGlobalSection
	GlobalSection(ProjectConfigurationPlatforms) = postSolution
		{1D11AC06-54FB-4875-BB4F-88ED2A089CD7}.Debug|Any CPU.ActiveCfg = Debug|Any CPU
		{1D11AC06-54FB-4875-BB4F-88ED2A089CD7}.Debug|Any CPU.Build.0 = Debug|Any CPU
		{1D11AC06-54FB-4875-BB4F-88ED2A089CD7}.Release|Any CPU.ActiveCfg = Release|Any CPU
		{1D11AC06-54FB-4875-BB4F-88ED2A089CD7}.Release|Any CPU.Build.0 = Release|Any CPU
		{915BBE9B-F198-485B-8934-86877826B131}.Debug|Any CPU.ActiveCfg = Debug|Any CPU
		{915BBE9B-F198-485B-8934-86877826B131}.Debug|Any CPU.Build.0 = Debug|Any CPU
		{915BBE9B-F198-485B-8934-86877826B131}.Release|Any CPU.ActiveCfg = Release|Any CPU
		{915BBE9B-F198-485B-8934-86877826B131}.Release|Any CPU.Build.0 = Release|Any CPU
	EndGlobalSection
	GlobalSection(SolutionProperties) = preSolution
		HideSolutionNode = FALSE
	EndGlobalSection
	GlobalSection(ExtensibilityGlobals) = postSolution
		SolutionGuid = {455EACFA-FFD3-4F3F-AB59-07D42F24D459}
	EndGlobalSection
EndGlobal
